Microsoft Visual Studio Solution File, Format Version 12.00
# Visual Studio Version 17
VisualStudioVersion = 17.5.2.0
MinimumVisualStudioVersion = 10.0.40219.1
Project("{FAE04EC0-301F-11D3-BF4B-00C04F79EFBC}") = "BlastWaveCSharp", "BlastWaveCSharp.csproj", "{219E7614-80FD-05E7-3EEF-EC8CEFD244A4}"
EndProject
Global
	GlobalSection(SolutionConfigurationPlatforms) = preSolution
		Debug|Any CPU = Debug|Any CPU
		Release|Any CPU = Release|Any CPU
	EndGlobalSection
	GlobalSection(ProjectConfigurationPlatforms) = postSolution
		{219E7614-80FD-05E7-3EEF-EC8CEFD244A4}.Debug|Any CPU.ActiveCfg = Debug|Any CPU
		{219E7614-80FD-05E7-3EEF-EC8CEFD244A4}.Debug|Any CPU.Build.0 = Debug|Any CPU
		{219E7614-80FD-05E7-3EEF-EC8CEFD244A4}.Release|Any CPU.ActiveCfg = Release|Any CPU
		{219E7614-80FD-05E7-3EEF-EC8CEFD244A4}.Release|Any CPU.Build.0 = Release|Any CPU
	EndGlobalSection
	GlobalSection(SolutionProperties) = preSolution
		HideSolutionNode = FALSE
	EndGlobalSection
	GlobalSection(ExtensibilityGlobals) = postSolution
		SolutionGuid = {D316EF7B-95F2-411A-9A53-B5F0A4DDBD69}
	EndGlobalSection
EndGlobal
